
Microsoft Visual Studio Solution File, Format Version 12.00
Project("{2150E333-8FDC-42A3-9474-1A3956D46DE8}") = "Solution Item", "Solution Item", "{C0188A1B-5D48-4523-A93F-2B6FEF49B525}"
	ProjectSection(SolutionItems) = preProject
		src\docker-compose.yml = src\docker-compose.yml
	EndProjectSection
EndProject
Project("{2150E333-8FDC-42A3-9474-1A3956D46DE8}") = "src", "src", "{B164C67E-3E1A-4740-8712-8C159657E14E}"
	ProjectSection(SolutionItems) = preProject
		src\docker-compose.override.yml = src\docker-compose.override.yml
	EndProjectSection
EndProject
Project("{2150E333-8FDC-42A3-9474-1A3956D46DE8}") = "tests", "tests", "{248EC94F-D830-43CB-9557-CBB6D9916459}"
EndProject
Project("{2150E333-8FDC-42A3-9474-1A3956D46DE8}") = "ApiGetways", "ApiGetways", "{49C90174-D4B3-4FA8-AA34-8A4EB0D4D230}"
EndProject
Project("{2150E333-8FDC-42A3-9474-1A3956D46DE8}") = "BuildingBlocks", "BuildingBlocks", "{B4BAAFCE-F28B-468D-92A2-168CAA42F37F}"
EndProject
Project("{FAE04EC0-301F-11D3-BF4B-00C04F79EFBC}") = "EventBus.Messages", "src\BuildingBlocks\EventBus.Messages\EventBus.Messages.csproj", "{3F56D0BA-C4F5-4B68-ADE9-D59DC5633021}"
EndProject
Project("{2150E333-8FDC-42A3-9474-1A3956D46DE8}") = "Services", "Services", "{08C50AD1-168B-40B4-A802-979FEA9E7675}"
EndProject
Project("{2150E333-8FDC-42A3-9474-1A3956D46DE8}") = "Product", "Product", "{8F34E313-AB1C-4733-9454-9343F53EC647}"
EndProject
Project("{2150E333-8FDC-42A3-9474-1A3956D46DE8}") = "Customer", "Customer", "{4CD91EFA-D535-48B6-AD67-134554A186D0}"
EndProject
Project("{2150E333-8FDC-42A3-9474-1A3956D46DE8}") = "Ordering", "Ordering", "{1A85961D-FBC2-450D-B457-9BBC2F525908}"
EndProject
Project("{2150E333-8FDC-42A3-9474-1A3956D46DE8}") = "Basket", "Basket", "{A142C951-0559-4DF7-9553-716CBF2F87A0}"
EndProject
Project("{2150E333-8FDC-42A3-9474-1A3956D46DE8}") = "Inventory", "Inventory", "{916306A2-88CE-44E8-B71A-4B2B3FD47794}"
EndProject
Project("{2150E333-8FDC-42A3-9474-1A3956D46DE8}") = "ScheduledJob", "ScheduledJob", "{0011D65B-6E1B-4759-8FA8-0BB8FAD19869}"
EndProject
Project("{2150E333-8FDC-42A3-9474-1A3956D46DE8}") = "WebApps", "WebApps", "{785A2B04-28B4-47BD-AF8E-8DB63C2CCD4D}"
EndProject
Project("{FAE04EC0-301F-11D3-BF4B-00C04F79EFBC}") = "WebHealthStatus", "src\WebApps\WebHealthStatus\WebHealthStatus.csproj", "{59187CB7-DA3D-45F1-A3E9-26AE0F31DC0F}"
EndProject
Project("{FAE04EC0-301F-11D3-BF4B-00C04F79EFBC}") = "Basket.API", "src\Services\Basket.API\Basket.API.csproj", "{2E4C4609-7222-4369-8118-DD3E99A7B105}"
EndProject
Project("{FAE04EC0-301F-11D3-BF4B-00C04F79EFBC}") = "Customer.API", "src\Services\Customer.API\Customer.API.csproj", "{A4B12840-6229-4F84-9ED5-766C13449D72}"
EndProject
Project("{FAE04EC0-301F-11D3-BF4B-00C04F79EFBC}") = "Inventory.Product.API", "src\Services\Inventory.Product.API\Inventory.Product.API.csproj", "{D3434832-4AC9-44FF-B49B-239B6C96CD87}"
EndProject
Project("{FAE04EC0-301F-11D3-BF4B-00C04F79EFBC}") = "Ordering.API", "src\Services\Ordering.API\Ordering.API.csproj", "{6FEEA324-FFE8-4C0E-82F4-BC6BCC3F2704}"
EndProject
Project("{FAE04EC0-301F-11D3-BF4B-00C04F79EFBC}") = "Product.API", "src\Services\Product.API\Product.API.csproj", "{E9DF60E6-DE77-48C2-BAF5-B7BD97738319}"
EndProject
Project("{FAE04EC0-301F-11D3-BF4B-00C04F79EFBC}") = "Hangfire.API", "src\Services\Hangfire.API\Hangfire.API.csproj", "{236E7F28-9D06-4F66-8C96-43C9966E5ED6}"
EndProject
Project("{FAE04EC0-301F-11D3-BF4B-00C04F79EFBC}") = "Contracts", "src\BuildingBlocks\Contracts\Contracts.csproj", "{1CB4FB98-F8E6-41DA-A56D-5E878BBCA527}"
EndProject
Project("{FAE04EC0-301F-11D3-BF4B-00C04F79EFBC}") = "Infrastructure", "src\BuildingBlocks\Infrastructure\Infrastructure.csproj", "{DE3EBBF7-D78F-4BCE-94DD-6B0629AD02DD}"
EndProject
Project("{FAE04EC0-301F-11D3-BF4B-00C04F79EFBC}") = "Shared", "src\BuildingBlocks\Shared\Shared.csproj", "{37C68F54-842D-4005-A2C9-F91B31539898}"
EndProject
Project("{FAE04EC0-301F-11D3-BF4B-00C04F79EFBC}") = "OcelotApiGW", "src\ApiGetways\OcelotApiGW\OcelotApiGW.csproj", "{941FCC0D-B49E-4092-B142-31DCCE66EC7F}"
EndProject
Project("{FAE04EC0-301F-11D3-BF4B-00C04F79EFBC}") = "Common.Logging", "src\BuildingBlocks\Common.Logging\Common.Logging.csproj", "{F9CBFA16-800C-4C1C-97FD-9B42EC06F878}"
EndProject
Global
	GlobalSection(SolutionConfigurationPlatforms) = preSolution
		Debug|Any CPU = Debug|Any CPU
		Release|Any CPU = Release|Any CPU
	EndGlobalSection
	GlobalSection(NestedProjects) = preSolution
		{49C90174-D4B3-4FA8-AA34-8A4EB0D4D230} = {B164C67E-3E1A-4740-8712-8C159657E14E}
		{B4BAAFCE-F28B-468D-92A2-168CAA42F37F} = {B164C67E-3E1A-4740-8712-8C159657E14E}
		{3F56D0BA-C4F5-4B68-ADE9-D59DC5633021} = {B4BAAFCE-F28B-468D-92A2-168CAA42F37F}
		{08C50AD1-168B-40B4-A802-979FEA9E7675} = {B164C67E-3E1A-4740-8712-8C159657E14E}
		{8F34E313-AB1C-4733-9454-9343F53EC647} = {08C50AD1-168B-40B4-A802-979FEA9E7675}
		{4CD91EFA-D535-48B6-AD67-134554A186D0} = {08C50AD1-168B-40B4-A802-979FEA9E7675}
		{1A85961D-FBC2-450D-B457-9BBC2F525908} = {08C50AD1-168B-40B4-A802-979FEA9E7675}
		{A142C951-0559-4DF7-9553-716CBF2F87A0} = {08C50AD1-168B-40B4-A802-979FEA9E7675}
		{916306A2-88CE-44E8-B71A-4B2B3FD47794} = {08C50AD1-168B-40B4-A802-979FEA9E7675}
		{0011D65B-6E1B-4759-8FA8-0BB8FAD19869} = {08C50AD1-168B-40B4-A802-979FEA9E7675}
		{785A2B04-28B4-47BD-AF8E-8DB63C2CCD4D} = {B164C67E-3E1A-4740-8712-8C159657E14E}
		{59187CB7-DA3D-45F1-A3E9-26AE0F31DC0F} = {785A2B04-28B4-47BD-AF8E-8DB63C2CCD4D}
		{2E4C4609-7222-4369-8118-DD3E99A7B105} = {A142C951-0559-4DF7-9553-716CBF2F87A0}
		{A4B12840-6229-4F84-9ED5-766C13449D72} = {4CD91EFA-D535-48B6-AD67-134554A186D0}
		{D3434832-4AC9-44FF-B49B-239B6C96CD87} = {916306A2-88CE-44E8-B71A-4B2B3FD47794}
		{6FEEA324-FFE8-4C0E-82F4-BC6BCC3F2704} = {1A85961D-FBC2-450D-B457-9BBC2F525908}
		{E9DF60E6-DE77-48C2-BAF5-B7BD97738319} = {8F34E313-AB1C-4733-9454-9343F53EC647}
		{236E7F28-9D06-4F66-8C96-43C9966E5ED6} = {0011D65B-6E1B-4759-8FA8-0BB8FAD19869}
		{1CB4FB98-F8E6-41DA-A56D-5E878BBCA527} = {B4BAAFCE-F28B-468D-92A2-168CAA42F37F}
		{DE3EBBF7-D78F-4BCE-94DD-6B0629AD02DD} = {B4BAAFCE-F28B-468D-92A2-168CAA42F37F}
		{37C68F54-842D-4005-A2C9-F91B31539898} = {B4BAAFCE-F28B-468D-92A2-168CAA42F37F}
		{941FCC0D-B49E-4092-B142-31DCCE66EC7F} = {49C90174-D4B3-4FA8-AA34-8A4EB0D4D230}
		{F9CBFA16-800C-4C1C-97FD-9B42EC06F878} = {B4BAAFCE-F28B-468D-92A2-168CAA42F37F}
	EndGlobalSection
	GlobalSection(ProjectConfigurationPlatforms) = postSolution
		{3F56D0BA-C4F5-4B68-ADE9-D59DC5633021}.Debug|Any CPU.ActiveCfg = Debug|Any CPU
		{3F56D0BA-C4F5-4B68-ADE9-D59DC5633021}.Debug|Any CPU.Build.0 = Debug|Any CPU
		{3F56D0BA-C4F5-4B68-ADE9-D59DC5633021}.Release|Any CPU.ActiveCfg = Release|Any CPU
		{3F56D0BA-C4F5-4B68-ADE9-D59DC5633021}.Release|Any CPU.Build.0 = Release|Any CPU
		{59187CB7-DA3D-45F1-A3E9-26AE0F31DC0F}.Debug|Any CPU.ActiveCfg = Debug|Any CPU
		{59187CB7-DA3D-45F1-A3E9-26AE0F31DC0F}.Debug|Any CPU.Build.0 = Debug|Any CPU
		{59187CB7-DA3D-45F1-A3E9-26AE0F31DC0F}.Release|Any CPU.ActiveCfg = Release|Any CPU
		{59187CB7-DA3D-45F1-A3E9-26AE0F31DC0F}.Release|Any CPU.Build.0 = Release|Any CPU
		{2E4C4609-7222-4369-8118-DD3E99A7B105}.Debug|Any CPU.ActiveCfg = Debug|Any CPU
		{2E4C4609-7222-4369-8118-DD3E99A7B105}.Debug|Any CPU.Build.0 = Debug|Any CPU
		{2E4C4609-7222-4369-8118-DD3E99A7B105}.Release|Any CPU.ActiveCfg = Release|Any CPU
		{2E4C4609-7222-4369-8118-DD3E99A7B105}.Release|Any CPU.Build.0 = Release|Any CPU
		{A4B12840-6229-4F84-9ED5-766C13449D72}.Debug|Any CPU.ActiveCfg = Debug|Any CPU
		{A4B12840-6229-4F84-9ED5-766C13449D72}.Debug|Any CPU.Build.0 = Debug|Any CPU
		{A4B12840-6229-4F84-9ED5-766C13449D72}.Release|Any CPU.ActiveCfg = Release|Any CPU
		{A4B12840-6229-4F84-9ED5-766C13449D72}.Release|Any CPU.Build.0 = Release|Any CPU
		{D3434832-4AC9-44FF-B49B-239B6C96CD87}.Debug|Any CPU.ActiveCfg = Debug|Any CPU
		{D3434832-4AC9-44FF-B49B-239B6C96CD87}.Debug|Any CPU.Build.0 = Debug|Any CPU
		{D3434832-4AC9-44FF-B49B-239B6C96CD87}.Release|Any CPU.ActiveCfg = Release|Any CPU
		{D3434832-4AC9-44FF-B49B-239B6C96CD87}.Release|Any CPU.Build.0 = Release|Any CPU
		{6FEEA324-FFE8-4C0E-82F4-BC6BCC3F2704}.Debug|Any CPU.ActiveCfg = Debug|Any CPU
		{6FEEA324-FFE8-4C0E-82F4-BC6BCC3F2704}.Debug|Any CPU.Build.0 = Debug|Any CPU
		{6FEEA324-FFE8-4C0E-82F4-BC6BCC3F2704}.Release|Any CPU.ActiveCfg = Release|Any CPU
		{6FEEA324-FFE8-4C0E-82F4-BC6BCC3F2704}.Release|Any CPU.Build.0 = Release|Any CPU
		{E9DF60E6-DE77-48C2-BAF5-B7BD97738319}.Debug|Any CPU.ActiveCfg = Debug|Any CPU
		{E9DF60E6-DE77-48C2-BAF5-B7BD97738319}.Debug|Any CPU.Build.0 = Debug|Any CPU
		{E9DF60E6-DE77-48C2-BAF5-B7BD97738319}.Release|Any CPU.ActiveCfg = Release|Any CPU
		{E9DF60E6-DE77-48C2-BAF5-B7BD97738319}.Release|Any CPU.Build.0 = Release|Any CPU
		{236E7F28-9D06-4F66-8C96-43C9966E5ED6}.Debug|Any CPU.ActiveCfg = Debug|Any CPU
		{236E7F28-9D06-4F66-8C96-43C9966E5ED6}.Debug|Any CPU.Build.0 = Debug|Any CPU
		{236E7F28-9D06-4F66-8C96-43C9966E5ED6}.Release|Any CPU.ActiveCfg = Release|Any CPU
		{236E7F28-9D06-4F66-8C96-43C9966E5ED6}.Release|Any CPU.Build.0 = Release|Any CPU
		{1CB4FB98-F8E6-41DA-A56D-5E878BBCA527}.Debug|Any CPU.ActiveCfg = Debug|Any CPU
		{1CB4FB98-F8E6-41DA-A56D-5E878BBCA527}.Debug|Any CPU.Build.0 = Debug|Any CPU
		{1CB4FB98-F8E6-41DA-A56D-5E878BBCA527}.Release|Any CPU.ActiveCfg = Release|Any CPU
		{1CB4FB98-F8E6-41DA-A56D-5E878BBCA527}.Release|Any CPU.Build.0 = Release|Any CPU
		{DE3EBBF7-D78F-4BCE-94DD-6B0629AD02DD}.Debug|Any CPU.ActiveCfg = Debug|Any CPU
		{DE3EBBF7-D78F-4BCE-94DD-6B0629AD02DD}.Debug|Any CPU.Build.0 = Debug|Any CPU
		{DE3EBBF7-D78F-4BCE-94DD-6B0629AD02DD}.Release|Any CPU.ActiveCfg = Release|Any CPU
		{DE3EBBF7-D78F-4BCE-94DD-6B0629AD02DD}.Release|Any CPU.Build.0 = Release|Any CPU
		{37C68F54-842D-4005-A2C9-F91B31539898}.Debug|Any CPU.ActiveCfg = Debug|Any CPU
		{37C68F54-842D-4005-A2C9-F91B31539898}.Debug|Any CPU.Build.0 = Debug|Any CPU
		{37C68F54-842D-4005-A2C9-F91B31539898}.Release|Any CPU.ActiveCfg = Release|Any CPU
		{37C68F54-842D-4005-A2C9-F91B31539898}.Release|Any CPU.Build.0 = Release|Any CPU
		{941FCC0D-B49E-4092-B142-31DCCE66EC7F}.Debug|Any CPU.ActiveCfg = Debug|Any CPU
		{941FCC0D-B49E-4092-B142-31DCCE66EC7F}.Debug|Any CPU.Build.0 = Debug|Any CPU
		{941FCC0D-B49E-4092-B142-31DCCE66EC7F}.Release|Any CPU.ActiveCfg = Release|Any CPU
		{941FCC0D-B49E-4092-B142-31DCCE66EC7F}.Release|Any CPU.Build.0 = Release|Any CPU
		{F9CBFA16-800C-4C1C-97FD-9B42EC06F878}.Debug|Any CPU.ActiveCfg = Debug|Any CPU
		{F9CBFA16-800C-4C1C-97FD-9B42EC06F878}.Debug|Any CPU.Build.0 = Debug|Any CPU
		{F9CBFA16-800C-4C1C-97FD-9B42EC06F878}.Release|Any CPU.ActiveCfg = Release|Any CPU
		{F9CBFA16-800C-4C1C-97FD-9B42EC06F878}.Release|Any CPU.Build.0 = Release|Any CPU
	EndGlobalSection
EndGlobal
